// !$*UTF8*$!
{
	archiveVersion = 1;
	classes = {
	};
	objectVersion = 50;
	objects = {

/* Begin PBXBuildFile section */
		1A195E962316F0D6000E8448 /* AppDelegate.m in Sources */ = {isa = PBXBuildFile; fileRef = 1A195E952316F0D6000E8448 /* AppDelegate.m */; };
		1A195E992316F0D6000E8448 /* ViewController.m in Sources */ = {isa = PBXBuildFile; fileRef = 1A195E982316F0D6000E8448 /* ViewController.m */; };
		1A195E9C2316F0D6000E8448 /* Main.storyboard in Resources */ = {isa = PBXBuildFile; fileRef = 1A195E9A2316F0D6000E8448 /* Main.storyboard */; };
		1A195E9E2316F0D7000E8448 /* Assets.xcassets in Resources */ = {isa = PBXBuildFile; fileRef = 1A195E9D2316F0D7000E8448 /* Assets.xcassets */; };
		1A195EA12316F0D7000E8448 /* LaunchScreen.storyboard in Resources */ = {isa = PBXBuildFile; fileRef = 1A195E9F2316F0D7000E8448 /* LaunchScreen.storyboard */; };
		1A195EA42316F0D7000E8448 /* main.m in Sources */ = {isa = PBXBuildFile; fileRef = 1A195EA32316F0D7000E8448 /* main.m */; };
		1A195EAE2316F0D7000E8448 /* gmm_tutorialTests.m in Sources */ = {isa = PBXBuildFile; fileRef = 1A195EAD2316F0D7000E8448 /* gmm_tutorialTests.m */; };
		1A195EB92316F0D7000E8448 /* gmm_tutorialUITests.m in Sources */ = {isa = PBXBuildFile; fileRef = 1A195EB82316F0D7000E8448 /* gmm_tutorialUITests.m */; };
		967DF4A9FB2C6333D18EBE25 /* libPods-gmm-tutorial.a in Frameworks */ = {isa = PBXBuildFile; fileRef = DD55A1464CEEED1F20F9FCA4 /* libPods-gmm-tutorial.a */; };
/* End PBXBuildFile section */

/* Begin PBXContainerItemProxy section */
		1A195EAA2316F0D7000E8448 /* PBXContainerItemProxy */ = {
			isa = PBXContainerItemProxy;
			containerPortal = 1A195E892316F0D6000E8448 /* Project object */;
			proxyType = 1;
			remoteGlobalIDString = 1A195E902316F0D6000E8448;
			remoteInfo = "gmm-tutorial";
		};
		1A195EB52316F0D7000E8448 /* PBXContainerItemProxy */ = {
			isa = PBXContainerItemProxy;
			containerPortal = 1A195E892316F0D6000E8448 /* Project object */;
			proxyType = 1;
			remoteGlobalIDString = 1A195E902316F0D6000E8448;
			remoteInfo = "gmm-tutorial";
		};
/* End PBXContainerItemProxy section */

/* Begin PBXFileReference section */
		171ABBFE890373CFB5475836 /* Pods-gmm-tutorial.debug.xcconfig */ = {isa = PBXFileReference; includeInIndex = 1; lastKnownFileType = text.xcconfig; name = "Pods-gmm-tutorial.debug.xcconfig"; path = "Target Support Files/Pods-gmm-tutorial/Pods-gmm-tutorial.debug.xcconfig"; sourceTree = "<group>"; };
		1A195E912316F0D6000E8448 /* gmm-tutorial.app */ = {isa = PBXFileReference; explicitFileType = wrapper.application; includeInIndex = 0; path = "gmm-tutorial.app"; sourceTree = BUILT_PRODUCTS_DIR; };
		1A195E942316F0D6000E8448 /* AppDelegate.h */ = {isa = PBXFileReference; lastKnownFileType = sourcecode.c.h; path = AppDelegate.h; sourceTree = "<group>"; };
		1A195E952316F0D6000E8448 /* AppDelegate.m */ = {isa = PBXFileReference; lastKnownFileType = sourcecode.c.objc; path = AppDelegate.m; sourceTree = "<group>"; };
		1A195E972316F0D6000E8448 /* ViewController.h */ = {isa = PBXFileReference; lastKnownFileType = sourcecode.c.h; path = ViewController.h; sourceTree = "<group>"; };
		1A195E982316F0D6000E8448 /* ViewController.m */ = {isa = PBXFileReference; lastKnownFileType = sourcecode.c.objc; path = ViewController.m; sourceTree = "<group>"; };
		1A195E9B2316F0D6000E8448 /* Base */ = {isa = PBXFileReference; lastKnownFileType = file.storyboard; name = Base; path = Base.lproj/Main.storyboard; sourceTree = "<group>"; };
		1A195E9D2316F0D7000E8448 /* Assets.xcassets */ = {isa = PBXFileReference; lastKnownFileType = folder.assetcatalog; path = Assets.xcassets; sourceTree = "<group>"; };
		1A195EA02316F0D7000E8448 /* Base */ = {isa = PBXFileReference; lastKnownFileType = file.storyboard; name = Base; path = Base.lproj/LaunchScreen.storyboard; sourceTree = "<group>"; };
		1A195EA22316F0D7000E8448 /* Info.plist */ = {isa = PBXFileReference; lastKnownFileType = text.plist.xml; path = Info.plist; sourceTree = "<group>"; };
		1A195EA32316F0D7000E8448 /* main.m */ = {isa = PBXFileReference; lastKnownFileType = sourcecode.c.objc; path = main.m; sourceTree = "<group>"; };
		1A195EA92316F0D7000E8448 /* gmm-tutorialTests.xctest */ = {isa = PBXFileReference; explicitFileType = wrapper.cfbundle; includeInIndex = 0; path = "gmm-tutorialTests.xctest"; sourceTree = BUILT_PRODUCTS_DIR; };
		1A195EAD2316F0D7000E8448 /* gmm_tutorialTests.m */ = {isa = PBXFileReference; lastKnownFileType = sourcecode.c.objc; path = gmm_tutorialTests.m; sourceTree = "<group>"; };
		1A195EAF2316F0D7000E8448 /* Info.plist */ = {isa = PBXFileReference; lastKnownFileType = text.plist.xml; path = Info.plist; sourceTree = "<group>"; };
		1A195EB42316F0D7000E8448 /* gmm-tutorialUITests.xctest */ = {isa = PBXFileReference; explicitFileType = wrapper.cfbundle; includeInIndex = 0; path = "gmm-tutorialUITests.xctest"; sourceTree = BUILT_PRODUCTS_DIR; };
		1A195EB82316F0D7000E8448 /* gmm_tutorialUITests.m */ = {isa = PBXFileReference; lastKnownFileType = sourcecode.c.objc; path = gmm_tutorialUITests.m; sourceTree = "<group>"; };
		1A195EBA2316F0D7000E8448 /* Info.plist */ = {isa = PBXFileReference; lastKnownFileType = text.plist.xml; path = Info.plist; sourceTree = "<group>"; };
		A7183C3293171ED8261B98E4 /* Pods-gmm-tutorial.release.xcconfig */ = {isa = PBXFileReference; includeInIndex = 1; lastKnownFileType = text.xcconfig; name = "Pods-gmm-tutorial.release.xcconfig"; path = "Target Support Files/Pods-gmm-tutorial/Pods-gmm-tutorial.release.xcconfig"; sourceTree = "<group>"; };
		DD55A1464CEEED1F20F9FCA4 /* libPods-gmm-tutorial.a */ = {isa = PBXFileReference; explicitFileType = archive.ar; includeInIndex = 0; path = "libPods-gmm-tutorial.a"; sourceTree = BUILT_PRODUCTS_DIR; };
/* End PBXFileReference section */

/* Begin PBXFrameworksBuildPhase section */
		1A195E8E2316F0D6000E8448 /* Frameworks */ = {
			isa = PBXFrameworksBuildPhase;
			buildActionMask = 2147483647;
			files = (
				967DF4A9FB2C6333D18EBE25 /* libPods-gmm-tutorial.a in Frameworks */,
			);
			runOnlyForDeploymentPostprocessing = 0;
		};
		1A195EA62316F0D7000E8448 /* Frameworks */ = {
			isa = PBXFrameworksBuildPhase;
			buildActionMask = 2147483647;
			files = (
			);
			runOnlyForDeploymentPostprocessing = 0;
		};
		1A195EB12316F0D7000E8448 /* Frameworks */ = {
			isa = PBXFrameworksBuildPhase;
			buildActionMask = 2147483647;
			files = (
			);
			runOnlyForDeploymentPostprocessing = 0;
		};
/* End PBXFrameworksBuildPhase section */

/* Begin PBXGroup section */
		1A195E882316F0D6000E8448 = {
			isa = PBXGroup;
			children = (
				1A195E932316F0D6000E8448 /* gmm-tutorial */,
				1A195EAC2316F0D7000E8448 /* gmm-tutorialTests */,
				1A195EB72316F0D7000E8448 /* gmm-tutorialUITests */,
				1A195E922316F0D6000E8448 /* Products */,
				9F87DF8640825E539936FB92 /* Pods */,
				793C27B13389C83E271E6101 /* Frameworks */,
			);
			sourceTree = "<group>";
		};
		1A195E922316F0D6000E8448 /* Products */ = {
			isa = PBXGroup;
			children = (
				1A195E912316F0D6000E8448 /* gmm-tutorial.app */,
				1A195EA92316F0D7000E8448 /* gmm-tutorialTests.xctest */,
				1A195EB42316F0D7000E8448 /* gmm-tutorialUITests.xctest */,
			);
			name = Products;
			sourceTree = "<group>";
		};
		1A195E932316F0D6000E8448 /* gmm-tutorial */ = {
			isa = PBXGroup;
			children = (
				1A195E942316F0D6000E8448 /* AppDelegate.h */,
				1A195E952316F0D6000E8448 /* AppDelegate.m */,
				1A195E972316F0D6000E8448 /* ViewController.h */,
				1A195E982316F0D6000E8448 /* ViewController.m */,
				1A195E9A2316F0D6000E8448 /* Main.storyboard */,
				1A195E9D2316F0D7000E8448 /* Assets.xcassets */,
				1A195E9F2316F0D7000E8448 /* LaunchScreen.storyboard */,
				1A195EA22316F0D7000E8448 /* Info.plist */,
				1A195EA32316F0D7000E8448 /* main.m */,
			);
			path = "gmm-tutorial";
			sourceTree = "<group>";
		};
		1A195EAC2316F0D7000E8448 /* gmm-tutorialTests */ = {
			isa = PBXGroup;
			children = (
				1A195EAD2316F0D7000E8448 /* gmm_tutorialTests.m */,
				1A195EAF2316F0D7000E8448 /* Info.plist */,
			);
			path = "gmm-tutorialTests";
			sourceTree = "<group>";
		};
		1A195EB72316F0D7000E8448 /* gmm-tutorialUITests */ = {
			isa = PBXGroup;
			children = (
				1A195EB82316F0D7000E8448 /* gmm_tutorialUITests.m */,
				1A195EBA2316F0D7000E8448 /* Info.plist */,
			);
			path = "gmm-tutorialUITests";
			sourceTree = "<group>";
		};
		793C27B13389C83E271E6101 /* Frameworks */ = {
			isa = PBXGroup;
			children = (
				DD55A1464CEEED1F20F9FCA4 /* libPods-gmm-tutorial.a */,
			);
			name = Frameworks;
			sourceTree = "<group>";
		};
		9F87DF8640825E539936FB92 /* Pods */ = {
			isa = PBXGroup;
			children = (
				171ABBFE890373CFB5475836 /* Pods-gmm-tutorial.debug.xcconfig */,
				A7183C3293171ED8261B98E4 /* Pods-gmm-tutorial.release.xcconfig */,
			);
			name = Pods;
			path = Pods;
			sourceTree = "<group>";
		};
/* End PBXGroup section */

/* Begin PBXNativeTarget section */
		1A195E902316F0D6000E8448 /* gmm-tutorial */ = {
			isa = PBXNativeTarget;
			buildConfigurationList = 1A195EBD2316F0D7000E8448 /* Build configuration list for PBXNativeTarget "gmm-tutorial" */;
			buildPhases = (
				4F37EE4281801FBE523AD893 /* [CP] Check Pods Manifest.lock */,
				1A195E8D2316F0D6000E8448 /* Sources */,
				1A195E8E2316F0D6000E8448 /* Frameworks */,
				1A195E8F2316F0D6000E8448 /* Resources */,
				320EA2AD187EC4C096E65E52 /* [CP] Copy Pods Resources */,
			);
			buildRules = (
			);
			dependencies = (
			);
			name = "gmm-tutorial";
			productName = "gmm-tutorial";
			productReference = 1A195E912316F0D6000E8448 /* gmm-tutorial.app */;
			productType = "com.apple.product-type.application";
		};
		1A195EA82316F0D7000E8448 /* gmm-tutorialTests */ = {
			isa = PBXNativeTarget;
			buildConfigurationList = 1A195EC02316F0D7000E8448 /* Build configuration list for PBXNativeTarget "gmm-tutorialTests" */;
			buildPhases = (
				1A195EA52316F0D7000E8448 /* Sources */,
				1A195EA62316F0D7000E8448 /* Frameworks */,
				1A195EA72316F0D7000E8448 /* Resources */,
			);
			buildRules = (
			);
			dependencies = (
				1A195EAB2316F0D7000E8448 /* PBXTargetDependency */,
			);
			name = "gmm-tutorialTests";
			productName = "gmm-tutorialTests";
			productReference = 1A195EA92316F0D7000E8448 /* gmm-tutorialTests.xctest */;
			productType = "com.apple.product-type.bundle.unit-test";
		};
		1A195EB32316F0D7000E8448 /* gmm-tutorialUITests */ = {
			isa = PBXNativeTarget;
			buildConfigurationList = 1A195EC32316F0D7000E8448 /* Build configuration list for PBXNativeTarget "gmm-tutorialUITests" */;
			buildPhases = (
				1A195EB02316F0D7000E8448 /* Sources */,
				1A195EB12316F0D7000E8448 /* Frameworks */,
				1A195EB22316F0D7000E8448 /* Resources */,
			);
			buildRules = (
			);
			dependencies = (
				1A195EB62316F0D7000E8448 /* PBXTargetDependency */,
			);
			name = "gmm-tutorialUITests";
			productName = "gmm-tutorialUITests";
			productReference = 1A195EB42316F0D7000E8448 /* gmm-tutorialUITests.xctest */;
			productType = "com.apple.product-type.bundle.ui-testing";
		};
/* End PBXNativeTarget section */

/* Begin PBXProject section */
		1A195E892316F0D6000E8448 /* Project object */ = {
			isa = PBXProject;
			attributes = {
				LastUpgradeCheck = 1030;
				ORGANIZATIONNAME = "Rodrigo Bell";
				TargetAttributes = {
					1A195E902316F0D6000E8448 = {
						CreatedOnToolsVersion = 10.3;
					};
					1A195EA82316F0D7000E8448 = {
						CreatedOnToolsVersion = 10.3;
						TestTargetID = 1A195E902316F0D6000E8448;
					};
					1A195EB32316F0D7000E8448 = {
						CreatedOnToolsVersion = 10.3;
						TestTargetID = 1A195E902316F0D6000E8448;
					};
				};
			};
			buildConfigurationList = 1A195E8C2316F0D6000E8448 /* Build configuration list for PBXProject "gmm-tutorial" */;
			compatibilityVersion = "Xcode 9.3";
			developmentRegion = en;
			hasScannedForEncodings = 0;
			knownRegions = (
				en,
				Base,
			);
			mainGroup = 1A195E882316F0D6000E8448;
			productRefGroup = 1A195E922316F0D6000E8448 /* Products */;
			projectDirPath = "";
			projectRoot = "";
			targets = (
				1A195E902316F0D6000E8448 /* gmm-tutorial */,
				1A195EA82316F0D7000E8448 /* gmm-tutorialTests */,
				1A195EB32316F0D7000E8448 /* gmm-tutorialUITests */,
			);
		};
/* End PBXProject section */

/* Begin PBXResourcesBuildPhase section */
		1A195E8F2316F0D6000E8448 /* Resources */ = {
			isa = PBXResourcesBuildPhase;
			buildActionMask = 2147483647;
			files = (
				1A195EA12316F0D7000E8448 /* LaunchScreen.storyboard in Resources */,
				1A195E9E2316F0D7000E8448 /* Assets.xcassets in Resources */,
				1A195E9C2316F0D6000E8448 /* Main.storyboard in Resources */,
			);
			runOnlyForDeploymentPostprocessing = 0;
		};
		1A195EA72316F0D7000E8448 /* Resources */ = {
			isa = PBXResourcesBuildPhase;
			buildActionMask = 2147483647;
			files = (
			);
			runOnlyForDeploymentPostprocessing = 0;
		};
		1A195EB22316F0D7000E8448 /* Resources */ = {
			isa = PBXResourcesBuildPhase;
			buildActionMask = 2147483647;
			files = (
			);
			runOnlyForDeploymentPostprocessing = 0;
		};
/* End PBXResourcesBuildPhase section */

/* Begin PBXShellScriptBuildPhase section */
		320EA2AD187EC4C096E65E52 /* [CP] Copy Pods Resources */ = {
			isa = PBXShellScriptBuildPhase;
			buildActionMask = 2147483647;
			files = (
			);
			inputFileListPaths = (
				"${PODS_ROOT}/Target Support Files/Pods-gmm-tutorial/Pods-gmm-tutorial-resources-${CONFIGURATION}-input-files.xcfilelist",
			);
			name = "[CP] Copy Pods Resources";
			outputFileListPaths = (
				"${PODS_ROOT}/Target Support Files/Pods-gmm-tutorial/Pods-gmm-tutorial-resources-${CONFIGURATION}-output-files.xcfilelist",
			);
			runOnlyForDeploymentPostprocessing = 0;
			shellPath = /bin/sh;
			shellScript = "\"${PODS_ROOT}/Target Support Files/Pods-gmm-tutorial/Pods-gmm-tutorial-resources.sh\"\n";
			showEnvVarsInLog = 0;
		};
		4F37EE4281801FBE523AD893 /* [CP] Check Pods Manifest.lock */ = {
			isa = PBXShellScriptBuildPhase;
			buildActionMask = 2147483647;
			files = (
			);
			inputFileListPaths = (
			);
			inputPaths = (
				"${PODS_PODFILE_DIR_PATH}/Podfile.lock",
				"${PODS_ROOT}/Manifest.lock",
			);
			name = "[CP] Check Pods Manifest.lock";
			outputFileListPaths = (
			);
			outputPaths = (
				"$(DERIVED_FILE_DIR)/Pods-gmm-tutorial-checkManifestLockResult.txt",
			);
			runOnlyForDeploymentPostprocessing = 0;
			shellPath = /bin/sh;
			shellScript = "diff \"${PODS_PODFILE_DIR_PATH}/Podfile.lock\" \"${PODS_ROOT}/Manifest.lock\" > /dev/null\nif [ $? != 0 ] ; then\n    # print error to STDERR\n    echo \"error: The sandbox is not in sync with the Podfile.lock. Run 'pod install' or update your CocoaPods installation.\" >&2\n    exit 1\nfi\n# This output is used by Xcode 'outputs' to avoid re-running this script phase.\necho \"SUCCESS\" > \"${SCRIPT_OUTPUT_FILE_0}\"\n";
			showEnvVarsInLog = 0;
		};
/* End PBXShellScriptBuildPhase section */

/* Begin PBXSourcesBuildPhase section */
		1A195E8D2316F0D6000E8448 /* Sources */ = {
			isa = PBXSourcesBuildPhase;
			buildActionMask = 2147483647;
			files = (
				1A195E992316F0D6000E8448 /* ViewController.m in Sources */,
				1A195EA42316F0D7000E8448 /* main.m in Sources */,
				1A195E962316F0D6000E8448 /* AppDelegate.m in Sources */,
			);
			runOnlyForDeploymentPostprocessing = 0;
		};
		1A195EA52316F0D7000E8448 /* Sources */ = {
			isa = PBXSourcesBuildPhase;
			buildActionMask = 2147483647;
			files = (
				1A195EAE2316F0D7000E8448 /* gmm_tutorialTests.m in Sources */,
			);
			runOnlyForDeploymentPostprocessing = 0;
		};
		1A195EB02316F0D7000E8448 /* Sources */ = {
			isa = PBXSourcesBuildPhase;
			buildActionMask = 2147483647;
			files = (
				1A195EB92316F0D7000E8448 /* gmm_tutorialUITests.m in Sources */,
			);
			runOnlyForDeploymentPostprocessing = 0;
		};
/* End PBXSourcesBuildPhase section */

/* Begin PBXTargetDependency section */
		1A195EAB2316F0D7000E8448 /* PBXTargetDependency */ = {
			isa = PBXTargetDependency;
			target = 1A195E902316F0D6000E8448 /* gmm-tutorial */;
			targetProxy = 1A195EAA2316F0D7000E8448 /* PBXContainerItemProxy */;
		};
		1A195EB62316F0D7000E8448 /* PBXTargetDependency */ = {
			isa = PBXTargetDependency;
			target = 1A195E902316F0D6000E8448 /* gmm-tutorial */;
			targetProxy = 1A195EB52316F0D7000E8448 /* PBXContainerItemProxy */;
		};
/* End PBXTargetDependency section */

/* Begin PBXVariantGroup section */
		1A195E9A2316F0D6000E8448 /* Main.storyboard */ = {
			isa = PBXVariantGroup;
			children = (
				1A195E9B2316F0D6000E8448 /* Base */,
			);
			name = Main.storyboard;
			sourceTree = "<group>";
		};
		1A195E9F2316F0D7000E8448 /* LaunchScreen.storyboard */ = {
			isa = PBXVariantGroup;
			children = (
				1A195EA02316F0D7000E8448 /* Base */,
			);
			name = LaunchScreen.storyboard;
			sourceTree = "<group>";
		};
/* End PBXVariantGroup section */

/* Begin XCBuildConfiguration section */
		1A195EBB2316F0D7000E8448 /* Debug */ = {
			isa = XCBuildConfiguration;
			buildSettings = {
				ALWAYS_SEARCH_USER_PATHS = NO;
				CLANG_ANALYZER_NONNULL = YES;
				CLANG_ANALYZER_NUMBER_OBJECT_CONVERSION = YES_AGGRESSIVE;
				CLANG_CXX_LANGUAGE_STANDARD = "gnu++14";
				CLANG_CXX_LIBRARY = "libc++";
				CLANG_ENABLE_MODULES = YES;
				CLANG_ENABLE_OBJC_ARC = YES;
				CLANG_ENABLE_OBJC_WEAK = YES;
				CLANG_WARN_BLOCK_CAPTURE_AUTORELEASING = YES;
				CLANG_WARN_BOOL_CONVERSION = YES;
				CLANG_WARN_COMMA = YES;
				CLANG_WARN_CONSTANT_CONVERSION = YES;
				CLANG_WARN_DEPRECATED_OBJC_IMPLEMENTATIONS = YES;
				CLANG_WARN_DIRECT_OBJC_ISA_USAGE = YES_ERROR;
				CLANG_WARN_DOCUMENTATION_COMMENTS = YES;
				CLANG_WARN_EMPTY_BODY = YES;
				CLANG_WARN_ENUM_CONVERSION = YES;
				CLANG_WARN_INFINITE_RECURSION = YES;
				CLANG_WARN_INT_CONVERSION = YES;
				CLANG_WARN_NON_LITERAL_NULL_CONVERSION = YES;
				CLANG_WARN_OBJC_IMPLICIT_RETAIN_SELF = YES;
				CLANG_WARN_OBJC_LITERAL_CONVERSION = YES;
				CLANG_WARN_OBJC_ROOT_CLASS = YES_ERROR;
				CLANG_WARN_RANGE_LOOP_ANALYSIS = YES;
				CLANG_WARN_STRICT_PROTOTYPES = YES;
				CLANG_WARN_SUSPICIOUS_MOVE = YES;
				CLANG_WARN_UNGUARDED_AVAILABILITY = YES_AGGRESSIVE;
				CLANG_WARN_UNREACHABLE_CODE = YES;
				CLANG_WARN__DUPLICATE_METHOD_MATCH = YES;
				CODE_SIGN_IDENTITY = "iPhone Developer";
				COPY_PHASE_STRIP = NO;
				DEBUG_INFORMATION_FORMAT = dwarf;
				ENABLE_STRICT_OBJC_MSGSEND = YES;
				ENABLE_TESTABILITY = YES;
				GCC_C_LANGUAGE_STANDARD = gnu11;
				GCC_DYNAMIC_NO_PIC = NO;
				GCC_NO_COMMON_BLOCKS = YES;
				GCC_OPTIMIZATION_LEVEL = 0;
				GCC_PREPROCESSOR_DEFINITIONS = (
					"DEBUG=1",
					"$(inherited)",
				);
				GCC_WARN_64_TO_32_BIT_CONVERSION = YES;
				GCC_WARN_ABOUT_RETURN_TYPE = YES_ERROR;
				GCC_WARN_UNDECLARED_SELECTOR = YES;
				GCC_WARN_UNINITIALIZED_AUTOS = YES_AGGRESSIVE;
				GCC_WARN_UNUSED_FUNCTION = YES;
				GCC_WARN_UNUSED_VARIABLE = YES;
				IPHONEOS_DEPLOYMENT_TARGET = 12.4;
				MTL_ENABLE_DEBUG_INFO = INCLUDE_SOURCE;
				MTL_FAST_MATH = YES;
				ONLY_ACTIVE_ARCH = YES;
				SDKROOT = iphoneos;
			};
			name = Debug;
		};
		1A195EBC2316F0D7000E8448 /* Release */ = {
			isa = XCBuildConfiguration;
			buildSettings = {
				ALWAYS_SEARCH_USER_PATHS = NO;
				CLANG_ANALYZER_NONNULL = YES;
				CLANG_ANALYZER_NUMBER_OBJECT_CONVERSION = YES_AGGRESSIVE;
				CLANG_CXX_LANGUAGE_STANDARD = "gnu++14";
				CLANG_CXX_LIBRARY = "libc++";
				CLANG_ENABLE_MODULES = YES;
				CLANG_ENABLE_OBJC_ARC = YES;
				CLANG_ENABLE_OBJC_WEAK = YES;
				CLANG_WARN_BLOCK_CAPTURE_AUTORELEASING = YES;
				CLANG_WARN_BOOL_CONVERSION = YES;
				CLANG_WARN_COMMA = YES;
				CLANG_WARN_CONSTANT_CONVERSION = YES;
				CLANG_WARN_DEPRECATED_OBJC_IMPLEMENTATIONS = YES;
				CLANG_WARN_DIRECT_OBJC_ISA_USAGE = YES_ERROR;
				CLANG_WARN_DOCUMENTATION_COMMENTS = YES;
				CLANG_WARN_EMPTY_BODY = YES;
				CLANG_WARN_ENUM_CONVERSION = YES;
				CLANG_WARN_INFINITE_RECURSION = YES;
				CLANG_WARN_INT_CONVERSION = YES;
				CLANG_WARN_NON_LITERAL_NULL_CONVERSION = YES;
				CLANG_WARN_OBJC_IMPLICIT_RETAIN_SELF = YES;
				CLANG_WARN_OBJC_LITERAL_CONVERSION = YES;
				CLANG_WARN_OBJC_ROOT_CLASS = YES_ERROR;
				CLANG_WARN_RANGE_LOOP_ANALYSIS = YES;
				CLANG_WARN_STRICT_PROTOTYPES = YES;
				CLANG_WARN_SUSPICIOUS_MOVE = YES;
				CLANG_WARN_UNGUARDED_AVAILABILITY = YES_AGGRESSIVE;
				CLANG_WARN_UNREACHABLE_CODE = YES;
				CLANG_WARN__DUPLICATE_METHOD_MATCH = YES;
				CODE_SIGN_IDENTITY = "iPhone Developer";
				COPY_PHASE_STRIP = NO;
				DEBUG_INFORMATION_FORMAT = "dwarf-with-dsym";
				ENABLE_NS_ASSERTIONS = NO;
				ENABLE_STRICT_OBJC_MSGSEND = YES;
				GCC_C_LANGUAGE_STANDARD = gnu11;
				GCC_NO_COMMON_BLOCKS = YES;
				GCC_WARN_64_TO_32_BIT_CONVERSION = YES;
				GCC_WARN_ABOUT_RETURN_TYPE = YES_ERROR;
				GCC_WARN_UNDECLARED_SELECTOR = YES;
				GCC_WARN_UNINITIALIZED_AUTOS = YES_AGGRESSIVE;
				GCC_WARN_UNUSED_FUNCTION = YES;
				GCC_WARN_UNUSED_VARIABLE = YES;
				IPHONEOS_DEPLOYMENT_TARGET = 12.4;
				MTL_ENABLE_DEBUG_INFO = NO;
				MTL_FAST_MATH = YES;
				SDKROOT = iphoneos;
				VALIDATE_PRODUCT = YES;
			};
			name = Release;
		};
		1A195EBE2316F0D7000E8448 /* Debug */ = {
			isa = XCBuildConfiguration;
			baseConfigurationReference = 171ABBFE890373CFB5475836 /* Pods-gmm-tutorial.debug.xcconfig */;
			buildSettings = {
				ASSETCATALOG_COMPILER_APPICON_NAME = AppIcon;
				CODE_SIGN_STYLE = Automatic;
				INFOPLIST_FILE = "gmm-tutorial/Info.plist";
				LD_RUNPATH_SEARCH_PATHS = (
					"$(inherited)",
					"@executable_path/Frameworks",
				);
				PRODUCT_BUNDLE_IDENTIFIER = "com.rodrigobell.gmm-tutorial";
				PRODUCT_NAME = "$(TARGET_NAME)";
				TARGETED_DEVICE_FAMILY = "1,2";
			};
			name = Debug;
		};
		1A195EBF2316F0D7000E8448 /* Release */ = {
			isa = XCBuildConfiguration;
			baseConfigurationReference = A7183C3293171ED8261B98E4 /* Pods-gmm-tutorial.release.xcconfig */;
			buildSettings = {
				ASSETCATALOG_COMPILER_APPICON_NAME = AppIcon;
				CODE_SIGN_STYLE = Automatic;
				INFOPLIST_FILE = "gmm-tutorial/Info.plist";
				LD_RUNPATH_SEARCH_PATHS = (
					"$(inherited)",
					"@executable_path/Frameworks",
				);
				PRODUCT_BUNDLE_IDENTIFIER = "com.rodrigobell.gmm-tutorial";
				PRODUCT_NAME = "$(TARGET_NAME)";
				TARGETED_DEVICE_FAMILY = "1,2";
			};
			name = Release;
		};
		1A195EC12316F0D7000E8448 /* Debug */ = {
			isa = XCBuildConfiguration;
			buildSettings = {
				BUNDLE_LOADER = "$(TEST_HOST)";
				CODE_SIGN_STYLE = Automatic;
				INFOPLIST_FILE = "gmm-tutorialTests/Info.plist";
				LD_RUNPATH_SEARCH_PATHS = (
					"$(inherited)",
					"@executable_path/Frameworks",
					"@loader_path/Frameworks",
				);
				PRODUCT_BUNDLE_IDENTIFIER = "com.rodrigobell.gmm-tutorialTests";
				PRODUCT_NAME = "$(TARGET_NAME)";
				TARGETED_DEVICE_FAMILY = "1,2";
				TEST_HOST = "$(BUILT_PRODUCTS_DIR)/gmm-tutorial.app/gmm-tutorial";
			};
			name = Debug;
		};
		1A195EC22316F0D7000E8448 /* Release */ = {
			isa = XCBuildConfiguration;
			buildSettings = {
				BUNDLE_LOADER = "$(TEST_HOST)";
				CODE_SIGN_STYLE = Automatic;
				INFOPLIST_FILE = "gmm-tutorialTests/Info.plist";
				LD_RUNPATH_SEARCH_PATHS = (
					"$(inherited)",
					"@executable_path/Frameworks",
					"@loader_path/Frameworks",
				);
				PRODUCT_BUNDLE_IDENTIFIER = "com.rodrigobell.gmm-tutorialTests";
				PRODUCT_NAME = "$(TARGET_NAME)";
				TARGETED_DEVICE_FAMILY = "1,2";
				TEST_HOST = "$(BUILT_PRODUCTS_DIR)/gmm-tutorial.app/gmm-tutorial";
			};
			name = Release;
		};
		1A195EC42316F0D7000E8448 /* Debug */ = {
			isa = XCBuildConfiguration;
			buildSettings = {
				CODE_SIGN_STYLE = Automatic;
				INFOPLIST_FILE = "gmm-tutorialUITests/Info.plist";
				LD_RUNPATH_SEARCH_PATHS = (
					"$(inherited)",
					"@executable_path/Frameworks",
					"@loader_path/Frameworks",
				);
				PRODUCT_BUNDLE_IDENTIFIER = "com.rodrigobell.gmm-tutorialUITests";
				PRODUCT_NAME = "$(TARGET_NAME)";
				TARGETED_DEVICE_FAMILY = "1,2";
				TEST_TARGET_NAME = "gmm-tutorial";
			};
			name = Debug;
		};
		1A195EC52316F0D7000E8448 /* Release */ = {
			isa = XCBuildConfiguration;
			buildSettings = {
				CODE_SIGN_STYLE = Automatic;
				INFOPLIST_FILE = "gmm-tutorialUITests/Info.plist";
				LD_RUNPATH_SEARCH_PATHS = (
					"$(inherited)",
					"@executable_path/Frameworks",
					"@loader_path/Frameworks",
				);
				PRODUCT_BUNDLE_IDENTIFIER = "com.rodrigobell.gmm-tutorialUITests";
				PRODUCT_NAME = "$(TARGET_NAME)";
				TARGETED_DEVICE_FAMILY = "1,2";
				TEST_TARGET_NAME = "gmm-tutorial";
			};
			name = Release;
		};
/* End XCBuildConfiguration section */

/* Begin XCConfigurationList section */
		1A195E8C2316F0D6000E8448 /* Build configuration list for PBXProject "gmm-tutorial" */ = {
			isa = XCConfigurationList;
			buildConfigurations = (
				1A195EBB2316F0D7000E8448 /* Debug */,
				1A195EBC2316F0D7000E8448 /* Release */,
			);
			defaultConfigurationIsVisible = 0;
			defaultConfigurationName = Release;
		};
		1A195EBD2316F0D7000E8448 /* Build configuration list for PBXNativeTarget "gmm-tutorial" */ = {
			isa = XCConfigurationList;
			buildConfigurations = (
				1A195EBE2316F0D7000E8448 /* Debug */,
				1A195EBF2316F0D7000E8448 /* Release */,
			);
			defaultConfigurationIsVisible = 0;
			defaultConfigurationName = Release;
		};
		1A195EC02316F0D7000E8448 /* Build configuration list for PBXNativeTarget "gmm-tutorialTests" */ = {
			isa = XCConfigurationList;
			buildConfigurations = (
				1A195EC12316F0D7000E8448 /* Debug */,
				1A195EC22316F0D7000E8448 /* Release */,
			);
			defaultConfigurationIsVisible = 0;
			defaultConfigurationName = Release;
		};
		1A195EC32316F0D7000E8448 /* Build configuration list for PBXNativeTarget "gmm-tutorialUITests" */ = {
			isa = XCConfigurationList;
			buildConfigurations = (
				1A195EC42316F0D7000E8448 /* Debug */,
				1A195EC52316F0D7000E8448 /* Release */,
			);
			defaultConfigurationIsVisible = 0;
			defaultConfigurationName = Release;
		};
/* End XCConfigurationList section */
	};
	rootObject = 1A195E892316F0D6000E8448 /* Project object */;
}
